
Microsoft Visual Studio Solution File, Format Version 12.00
Project("{FAE04EC0-301F-11D3-BF4B-00C04F79EFBC}") = "HMUniversity.Certification.Generator.Lib", "HMUniversity.Certification.Generator.Lib\HMUniversity.Certification.Generator.Lib.csproj", "{8F54CC48-1C72-4DC2-9D48-79DECCF05627}"
EndProject
Project("{FAE04EC0-301F-11D3-BF4B-00C04F79EFBC}") = "HMUniversity.Certification.Generator.AspNetMvcApp", "HMUniversity.Certification.Generator.AspNetMvcApp\HMUniversity.Certification.Generator.AspNetMvcApp.csproj", "{B9D226E1-40B8-4BAD-AC35-F57B818E4393}"
EndProject
Global
	GlobalSection(SolutionConfigurationPlatforms) = preSolution
		Debug|Any CPU = Debug|Any CPU
		Release|Any CPU = Release|Any CPU
	EndGlobalSection
	GlobalSection(ProjectConfigurationPlatforms) = postSolution
		{8F54CC48-1C72-4DC2-9D48-79DECCF05627}.Debug|Any CPU.ActiveCfg = Debug|Any CPU
		{8F54CC48-1C72-4DC2-9D48-79DECCF05627}.Debug|Any CPU.Build.0 = Debug|Any CPU
		{8F54CC48-1C72-4DC2-9D48-79DECCF05627}.Release|Any CPU.ActiveCfg = Release|Any CPU
		{8F54CC48-1C72-4DC2-9D48-79DECCF05627}.Release|Any CPU.Build.0 = Release|Any CPU
		{B9D226E1-40B8-4BAD-AC35-F57B818E4393}.Debug|Any CPU.ActiveCfg = Debug|Any CPU
		{B9D226E1-40B8-4BAD-AC35-F57B818E4393}.Debug|Any CPU.Build.0 = Debug|Any CPU
		{B9D226E1-40B8-4BAD-AC35-F57B818E4393}.Release|Any CPU.ActiveCfg = Release|Any CPU
		{B9D226E1-40B8-4BAD-AC35-F57B818E4393}.Release|Any CPU.Build.0 = Release|Any CPU
	EndGlobalSection
EndGlobal
